
Microsoft Visual Studio Solution File, Format Version 12.00
# Visual Studio 15
VisualStudioVersion = 15.0.28307.421
MinimumVisualStudioVersion = 10.0.40219.1
Project("{FAE04EC0-301F-11D3-BF4B-00C04F79EFBC}") = "CSMATLAB8051056", "CSMATLAB8051056\CSMATLAB8051056.csproj", "{20DD3A1E-8389-410C-B1B5-83C22086FBD3}"
EndProject
Global
	GlobalSection(SolutionConfigurationPlatforms) = preSolution
		Debug|Any CPU = Debug|Any CPU
		Release|Any CPU = Release|Any CPU
	EndGlobalSection
	GlobalSection(ProjectConfigurationPlatforms) = postSolution
		{20DD3A1E-8389-410C-B1B5-83C22086FBD3}.Debug|Any CPU.ActiveCfg = Debug|Any CPU
		{20DD3A1E-8389-410C-B1B5-83C22086FBD3}.Debug|Any CPU.Build.0 = Debug|Any CPU
		{20DD3A1E-8389-410C-B1B5-83C22086FBD3}.Release|Any CPU.ActiveCfg = Release|Any CPU
		{20DD3A1E-8389-410C-B1B5-83C22086FBD3}.Release|Any CPU.Build.0 = Release|Any CPU
	EndGlobalSection
	GlobalSection(SolutionProperties) = preSolution
		HideSolutionNode = FALSE
	EndGlobalSection
	GlobalSection(ExtensibilityGlobals) = postSolution
		SolutionGuid = {A5E7638C-22FF-4FFD-9042-AC17D26498F8}
	EndGlobalSection
EndGlobal
